
Microsoft Visual Studio Solution File, Format Version 12.00
# Visual Studio Version 17
VisualStudioVersion = 17.0.31903.59
MinimumVisualStudioVersion = 10.0.40219.1
Project("{FAE04EC0-301F-11D3-BF4B-00C04F79EFBC}") = "Exemplo-Pratico", "Exemplo-Pratico\Exemplo-Pratico.csproj", "{2FC8F441-3051-4E50-BBF0-18FA15903C46}"
EndProject
Project("{FAE04EC0-301F-11D3-BF4B-00C04F79EFBC}") = "Passando-Argumentos-Por-Valor", "Passando-Argumentos-Por-Valor\Passando-Argumentos-Por-Valor.csproj", "{6EC850BE-5FD1-4A39-B2D0-6F4BC5A867EB}"
EndProject
Project("{FAE04EC0-301F-11D3-BF4B-00C04F79EFBC}") = "Passagem-argumento-por-referencia-ref", "Passagem-argumento-por-referencia-ref\Passagem-argumento-por-referencia-ref.csproj", "{0F890BBB-B961-4581-B2D3-6BBD02E0B3F7}"
EndProject
Project("{FAE04EC0-301F-11D3-BF4B-00C04F79EFBC}") = "Exercio-Pratico-I", "Exercio-Pratico-I\Exercio-Pratico-I.csproj", "{A98E02E2-20B7-4E0E-A6EA-756B7FA88C2D}"
EndProject
Project("{FAE04EC0-301F-11D3-BF4B-00C04F79EFBC}") = "Exercio-II", "Exercio-II\Exercio-II.csproj", "{3E4F1FF8-E619-42AF-B1E1-3EF9FA6BB4A7}"
EndProject
Project("{FAE04EC0-301F-11D3-BF4B-00C04F79EFBC}") = "Exercio-III", "Exercio-III\Exercio-III.csproj", "{EBF840A3-A194-4F6F-8264-64ADA65BAF72}"
EndProject
Project("{FAE04EC0-301F-11D3-BF4B-00C04F79EFBC}") = "Exercio-IIII", "Exercio-IIII\Exercio-IIII.csproj", "{64FFAF77-7601-4293-88CC-991AED3DAF93}"
EndProject
Project("{FAE04EC0-301F-11D3-BF4B-00C04F79EFBC}") = "Passagem-De-Argumentos-out", "Passagem-De-Argumentos-out\Passagem-De-Argumentos-out.csproj", "{678BBABF-D280-4FAE-BDAE-DDC7C473B90B}"
EndProject
Project("{FAE04EC0-301F-11D3-BF4B-00C04F79EFBC}") = "Passagem-Argumento-Out", "Passagem-Argumento-Out\Passagem-Argumento-Out.csproj", "{30B66FC7-F066-4036-B6DF-F265571E5A79}"
EndProject
Project("{FAE04EC0-301F-11D3-BF4B-00C04F79EFBC}") = "Exercio-Pratico-IV", "Exercio-Pratico-IV\Exercio-Pratico-IV.csproj", "{C626DE71-2F0D-48C6-8DD4-4714DBF113DA}"
EndProject
Project("{FAE04EC0-301F-11D3-BF4B-00C04F79EFBC}") = "Parametro-E-Argumento", "Parametro-E-Argumento\Parametro-E-Argumento.csproj", "{B41B68E1-87BE-42EC-BAEC-A5C23EEC1C6A}"
EndProject
Project("{FAE04EC0-301F-11D3-BF4B-00C04F79EFBC}") = "Parametros-Opcionais", "Parametros-Opcionais\Parametros-Opcionais.csproj", "{47A08F99-339A-4FDA-81F7-1F42C446D3AA}"
EndProject
Project("{FAE04EC0-301F-11D3-BF4B-00C04F79EFBC}") = "Exercio-Pratico-5", "Exercio-Pratico-5\Exercio-Pratico-5.csproj", "{E0A15E8E-DC36-4369-8F19-7A6DB3EFFB19}"
EndProject
Project("{FAE04EC0-301F-11D3-BF4B-00C04F79EFBC}") = "Exercio-Pratico-5-B", "Exercio-Pratico-5-B\Exercio-Pratico-5-B.csproj", "{5972D785-7DBC-4A2A-BB4D-D138DC9FECCA}"
EndProject
Project("{FAE04EC0-301F-11D3-BF4B-00C04F79EFBC}") = "Metádos-Estáticos", "Metádos-Estáticos\Metádos-Estáticos.csproj", "{C5251E98-7F8F-4219-9029-D41EE50AA2E1}"
EndProject
Project("{FAE04EC0-301F-11D3-BF4B-00C04F79EFBC}") = "Membros-Estáticos", "Membros-Estáticos\Membros-Estáticos.csproj", "{8CAB8881-1C95-4E01-8BC4-4745ECC7D9F6}"
EndProject
Project("{FAE04EC0-301F-11D3-BF4B-00C04F79EFBC}") = "Campo-Estático", "Campo-Estático\Campo-Estático.csproj", "{3B93D87F-C24C-492C-927A-77F53C3D65FD}"
EndProject
Project("{FAE04EC0-301F-11D3-BF4B-00C04F79EFBC}") = "Exercio-Pratico-6", "Exercio-Pratico-6\Exercio-Pratico-6.csproj", "{080D7CB1-2818-44B5-AB2F-94AE121961A6}"
EndProject
Global
	GlobalSection(SolutionConfigurationPlatforms) = preSolution
		Debug|Any CPU = Debug|Any CPU
		Release|Any CPU = Release|Any CPU
	EndGlobalSection
	GlobalSection(SolutionProperties) = preSolution
		HideSolutionNode = FALSE
	EndGlobalSection
	GlobalSection(ProjectConfigurationPlatforms) = postSolution
		{2FC8F441-3051-4E50-BBF0-18FA15903C46}.Debug|Any CPU.ActiveCfg = Debug|Any CPU
		{2FC8F441-3051-4E50-BBF0-18FA15903C46}.Debug|Any CPU.Build.0 = Debug|Any CPU
		{2FC8F441-3051-4E50-BBF0-18FA15903C46}.Release|Any CPU.ActiveCfg = Release|Any CPU
		{2FC8F441-3051-4E50-BBF0-18FA15903C46}.Release|Any CPU.Build.0 = Release|Any CPU
		{6EC850BE-5FD1-4A39-B2D0-6F4BC5A867EB}.Debug|Any CPU.ActiveCfg = Debug|Any CPU
		{6EC850BE-5FD1-4A39-B2D0-6F4BC5A867EB}.Debug|Any CPU.Build.0 = Debug|Any CPU
		{6EC850BE-5FD1-4A39-B2D0-6F4BC5A867EB}.Release|Any CPU.ActiveCfg = Release|Any CPU
		{6EC850BE-5FD1-4A39-B2D0-6F4BC5A867EB}.Release|Any CPU.Build.0 = Release|Any CPU
		{0F890BBB-B961-4581-B2D3-6BBD02E0B3F7}.Debug|Any CPU.ActiveCfg = Debug|Any CPU
		{0F890BBB-B961-4581-B2D3-6BBD02E0B3F7}.Debug|Any CPU.Build.0 = Debug|Any CPU
		{0F890BBB-B961-4581-B2D3-6BBD02E0B3F7}.Release|Any CPU.ActiveCfg = Release|Any CPU
		{0F890BBB-B961-4581-B2D3-6BBD02E0B3F7}.Release|Any CPU.Build.0 = Release|Any CPU
		{A98E02E2-20B7-4E0E-A6EA-756B7FA88C2D}.Debug|Any CPU.ActiveCfg = Debug|Any CPU
		{A98E02E2-20B7-4E0E-A6EA-756B7FA88C2D}.Debug|Any CPU.Build.0 = Debug|Any CPU
		{A98E02E2-20B7-4E0E-A6EA-756B7FA88C2D}.Release|Any CPU.ActiveCfg = Release|Any CPU
		{A98E02E2-20B7-4E0E-A6EA-756B7FA88C2D}.Release|Any CPU.Build.0 = Release|Any CPU
		{3E4F1FF8-E619-42AF-B1E1-3EF9FA6BB4A7}.Debug|Any CPU.ActiveCfg = Debug|Any CPU
		{3E4F1FF8-E619-42AF-B1E1-3EF9FA6BB4A7}.Debug|Any CPU.Build.0 = Debug|Any CPU
		{3E4F1FF8-E619-42AF-B1E1-3EF9FA6BB4A7}.Release|Any CPU.ActiveCfg = Release|Any CPU
		{3E4F1FF8-E619-42AF-B1E1-3EF9FA6BB4A7}.Release|Any CPU.Build.0 = Release|Any CPU
		{EBF840A3-A194-4F6F-8264-64ADA65BAF72}.Debug|Any CPU.ActiveCfg = Debug|Any CPU
		{EBF840A3-A194-4F6F-8264-64ADA65BAF72}.Debug|Any CPU.Build.0 = Debug|Any CPU
		{EBF840A3-A194-4F6F-8264-64ADA65BAF72}.Release|Any CPU.ActiveCfg = Release|Any CPU
		{EBF840A3-A194-4F6F-8264-64ADA65BAF72}.Release|Any CPU.Build.0 = Release|Any CPU
		{64FFAF77-7601-4293-88CC-991AED3DAF93}.Debug|Any CPU.ActiveCfg = Debug|Any CPU
		{64FFAF77-7601-4293-88CC-991AED3DAF93}.Debug|Any CPU.Build.0 = Debug|Any CPU
		{64FFAF77-7601-4293-88CC-991AED3DAF93}.Release|Any CPU.ActiveCfg = Release|Any CPU
		{64FFAF77-7601-4293-88CC-991AED3DAF93}.Release|Any CPU.Build.0 = Release|Any CPU
		{678BBABF-D280-4FAE-BDAE-DDC7C473B90B}.Debug|Any CPU.ActiveCfg = Debug|Any CPU
		{678BBABF-D280-4FAE-BDAE-DDC7C473B90B}.Debug|Any CPU.Build.0 = Debug|Any CPU
		{678BBABF-D280-4FAE-BDAE-DDC7C473B90B}.Release|Any CPU.ActiveCfg = Release|Any CPU
		{678BBABF-D280-4FAE-BDAE-DDC7C473B90B}.Release|Any CPU.Build.0 = Release|Any CPU
		{30B66FC7-F066-4036-B6DF-F265571E5A79}.Debug|Any CPU.ActiveCfg = Debug|Any CPU
		{30B66FC7-F066-4036-B6DF-F265571E5A79}.Debug|Any CPU.Build.0 = Debug|Any CPU
		{30B66FC7-F066-4036-B6DF-F265571E5A79}.Release|Any CPU.ActiveCfg = Release|Any CPU
		{30B66FC7-F066-4036-B6DF-F265571E5A79}.Release|Any CPU.Build.0 = Release|Any CPU
		{C626DE71-2F0D-48C6-8DD4-4714DBF113DA}.Debug|Any CPU.ActiveCfg = Debug|Any CPU
		{C626DE71-2F0D-48C6-8DD4-4714DBF113DA}.Debug|Any CPU.Build.0 = Debug|Any CPU
		{C626DE71-2F0D-48C6-8DD4-4714DBF113DA}.Release|Any CPU.ActiveCfg = Release|Any CPU
		{C626DE71-2F0D-48C6-8DD4-4714DBF113DA}.Release|Any CPU.Build.0 = Release|Any CPU
		{B41B68E1-87BE-42EC-BAEC-A5C23EEC1C6A}.Debug|Any CPU.ActiveCfg = Debug|Any CPU
		{B41B68E1-87BE-42EC-BAEC-A5C23EEC1C6A}.Debug|Any CPU.Build.0 = Debug|Any CPU
		{B41B68E1-87BE-42EC-BAEC-A5C23EEC1C6A}.Release|Any CPU.ActiveCfg = Release|Any CPU
		{B41B68E1-87BE-42EC-BAEC-A5C23EEC1C6A}.Release|Any CPU.Build.0 = Release|Any CPU
		{47A08F99-339A-4FDA-81F7-1F42C446D3AA}.Debug|Any CPU.ActiveCfg = Debug|Any CPU
		{47A08F99-339A-4FDA-81F7-1F42C446D3AA}.Debug|Any CPU.Build.0 = Debug|Any CPU
		{47A08F99-339A-4FDA-81F7-1F42C446D3AA}.Release|Any CPU.ActiveCfg = Release|Any CPU
		{47A08F99-339A-4FDA-81F7-1F42C446D3AA}.Release|Any CPU.Build.0 = Release|Any CPU
		{E0A15E8E-DC36-4369-8F19-7A6DB3EFFB19}.Debug|Any CPU.ActiveCfg = Debug|Any CPU
		{E0A15E8E-DC36-4369-8F19-7A6DB3EFFB19}.Debug|Any CPU.Build.0 = Debug|Any CPU
		{E0A15E8E-DC36-4369-8F19-7A6DB3EFFB19}.Release|Any CPU.ActiveCfg = Release|Any CPU
		{E0A15E8E-DC36-4369-8F19-7A6DB3EFFB19}.Release|Any CPU.Build.0 = Release|Any CPU
		{5972D785-7DBC-4A2A-BB4D-D138DC9FECCA}.Debug|Any CPU.ActiveCfg = Debug|Any CPU
		{5972D785-7DBC-4A2A-BB4D-D138DC9FECCA}.Debug|Any CPU.Build.0 = Debug|Any CPU
		{5972D785-7DBC-4A2A-BB4D-D138DC9FECCA}.Release|Any CPU.ActiveCfg = Release|Any CPU
		{5972D785-7DBC-4A2A-BB4D-D138DC9FECCA}.Release|Any CPU.Build.0 = Release|Any CPU
		{C5251E98-7F8F-4219-9029-D41EE50AA2E1}.Debug|Any CPU.ActiveCfg = Debug|Any CPU
		{C5251E98-7F8F-4219-9029-D41EE50AA2E1}.Debug|Any CPU.Build.0 = Debug|Any CPU
		{C5251E98-7F8F-4219-9029-D41EE50AA2E1}.Release|Any CPU.ActiveCfg = Release|Any CPU
		{C5251E98-7F8F-4219-9029-D41EE50AA2E1}.Release|Any CPU.Build.0 = Release|Any CPU
		{8CAB8881-1C95-4E01-8BC4-4745ECC7D9F6}.Debug|Any CPU.ActiveCfg = Debug|Any CPU
		{8CAB8881-1C95-4E01-8BC4-4745ECC7D9F6}.Debug|Any CPU.Build.0 = Debug|Any CPU
		{8CAB8881-1C95-4E01-8BC4-4745ECC7D9F6}.Release|Any CPU.ActiveCfg = Release|Any CPU
		{8CAB8881-1C95-4E01-8BC4-4745ECC7D9F6}.Release|Any CPU.Build.0 = Release|Any CPU
		{3B93D87F-C24C-492C-927A-77F53C3D65FD}.Debug|Any CPU.ActiveCfg = Debug|Any CPU
		{3B93D87F-C24C-492C-927A-77F53C3D65FD}.Debug|Any CPU.Build.0 = Debug|Any CPU
		{3B93D87F-C24C-492C-927A-77F53C3D65FD}.Release|Any CPU.ActiveCfg = Release|Any CPU
		{3B93D87F-C24C-492C-927A-77F53C3D65FD}.Release|Any CPU.Build.0 = Release|Any CPU
		{080D7CB1-2818-44B5-AB2F-94AE121961A6}.Debug|Any CPU.ActiveCfg = Debug|Any CPU
		{080D7CB1-2818-44B5-AB2F-94AE121961A6}.Debug|Any CPU.Build.0 = Debug|Any CPU
		{080D7CB1-2818-44B5-AB2F-94AE121961A6}.Release|Any CPU.ActiveCfg = Release|Any CPU
		{080D7CB1-2818-44B5-AB2F-94AE121961A6}.Release|Any CPU.Build.0 = Release|Any CPU
	EndGlobalSection
EndGlobal
